# THIS IS AN AUTOGENERATED FILE. DO NOT EDIT THIS FILE DIRECTLY.
# yarn lockfile v1


esbuild@^0.12.15:
  version "0.12.15"
  resolved "https://registry.yarnpkg.com/esbuild/-/esbuild-0.12.15.tgz#9d99cf39aeb2188265c5983e983e236829f08af0"
  integrity sha512-72V4JNd2+48eOVCXx49xoSWHgC3/cCy96e7mbXKY+WOWghN00cCmlGnwVLRhRHorvv0dgCyuMYBZlM2xDM5OQw==

typescript@^4.3.5:
  version "4.3.5"
  resolved "https://registry.yarnpkg.com/typescript/-/typescript-4.3.5.tgz#4d1c37cc16e893973c45a06886b7113234f119f4"
  integrity sha512-DqQgihaQ9cUrskJo9kIyW/+g0Vxsk8cDtZ52a3NGh0YNTfpUSArXSohyUGnvbPazEPLu398C0UxmKSOrPumUzA==

yarn@^1.22.10:
  version "1.22.10"
  resolved "https://registry.yarnpkg.com/yarn/-/yarn-1.22.10.tgz#c99daa06257c80f8fa2c3f1490724e394c26b18c"
  integrity sha512-IanQGI9RRPAN87VGTF7zs2uxkSyQSrSPsju0COgbsKQOOXr5LtcVPeyXWgwVa0ywG3d8dg6kSYKGBuYK021qeA==
